// !$*UTF8*$!
{
	archiveVersion = 1;
	classes = {
	};
	objectVersion = 46;
	objects = {

/* Begin PBXBuildFile section */
		9FB940E21A5A434700104728 /* Foundation.framework in Frameworks */ = {isa = PBXBuildFile; fileRef = 9FB940E11A5A434700104728 /* Foundation.framework */; };
		9FB940E41A5A434700104728 /* CoreGraphics.framework in Frameworks */ = {isa = PBXBuildFile; fileRef = 9FB940E31A5A434700104728 /* CoreGraphics.framework */; };
		9FB940E61A5A434700104728 /* UIKit.framework in Frameworks */ = {isa = PBXBuildFile; fileRef = 9FB940E51A5A434700104728 /* UIKit.framework */; };
		9FB940EC1A5A434700104728 /* InfoPlist.strings in Resources */ = {isa = PBXBuildFile; fileRef = 9FB940EA1A5A434700104728 /* InfoPlist.strings */; };
		9FB940EE1A5A434700104728 /* main.m in Sources */ = {isa = PBXBuildFile; fileRef = 9FB940ED1A5A434700104728 /* main.m */; };
		9FB940F21A5A434700104728 /* AppDelegate.m in Sources */ = {isa = PBXBuildFile; fileRef = 9FB940F11A5A434700104728 /* AppDelegate.m */; };
		9FB940F41A5A434700104728 /* Images.xcassets in Resources */ = {isa = PBXBuildFile; fileRef = 9FB940F31A5A434700104728 /* Images.xcassets */; };
		9FB940FB1A5A434700104728 /* XCTest.framework in Frameworks */ = {isa = PBXBuildFile; fileRef = 9FB940FA1A5A434700104728 /* XCTest.framework */; };
		9FB940FC1A5A434700104728 /* Foundation.framework in Frameworks */ = {isa = PBXBuildFile; fileRef = 9FB940E11A5A434700104728 /* Foundation.framework */; };
		9FB940FD1A5A434700104728 /* UIKit.framework in Frameworks */ = {isa = PBXBuildFile; fileRef = 9FB940E51A5A434700104728 /* UIKit.framework */; };
		9FB941051A5A434700104728 /* InfoPlist.strings in Resources */ = {isa = PBXBuildFile; fileRef = 9FB941031A5A434700104728 /* InfoPlist.strings */; };
		9FB941071A5A434700104728 /* tipcalculatorTests.m in Sources */ = {isa = PBXBuildFile; fileRef = 9FB941061A5A434700104728 /* tipcalculatorTests.m */; };
		9FB941131A5A444300104728 /* TipViewController.m in Sources */ = {isa = PBXBuildFile; fileRef = 9FB941111A5A444300104728 /* TipViewController.m */; };
		9FB941141A5A444300104728 /* TipViewController.xib in Resources */ = {isa = PBXBuildFile; fileRef = 9FB941121A5A444300104728 /* TipViewController.xib */; };
		9FB941181A5A5CC600104728 /* SettingsViewController.m in Sources */ = {isa = PBXBuildFile; fileRef = 9FB941161A5A5CC600104728 /* SettingsViewController.m */; };
		9FB941191A5A5CC600104728 /* SettingsViewController.xib in Resources */ = {isa = PBXBuildFile; fileRef = 9FB941171A5A5CC600104728 /* SettingsViewController.xib */; };
/* End PBXBuildFile section */

/* Begin PBXContainerItemProxy section */
		9FB940FE1A5A434700104728 /* PBXContainerItemProxy */ = {
			isa = PBXContainerItemProxy;
			containerPortal = 9FB940D61A5A434700104728 /* Project object */;
			proxyType = 1;
			remoteGlobalIDString = 9FB940DD1A5A434700104728;
			remoteInfo = tipcalculator;
		};
/* End PBXContainerItemProxy section */

/* Begin PBXFileReference section */
		9FB940DE1A5A434700104728 /* tipcalculator.app */ = {isa = PBXFileReference; explicitFileType = wrapper.application; includeInIndex = 0; path = tipcalculator.app; sourceTree = BUILT_PRODUCTS_DIR; };
		9FB940E11A5A434700104728 /* Foundation.framework */ = {isa = PBXFileReference; lastKnownFileType = wrapper.framework; name = Foundation.framework; path = System/Library/Frameworks/Foundation.framework; sourceTree = SDKROOT; };
		9FB940E31A5A434700104728 /* CoreGraphics.framework */ = {isa = PBXFileReference; lastKnownFileType = wrapper.framework; name = CoreGraphics.framework; path = System/Library/Frameworks/CoreGraphics.framework; sourceTree = SDKROOT; };
		9FB940E51A5A434700104728 /* UIKit.framework */ = {isa = PBXFileReference; lastKnownFileType = wrapper.framework; name = UIKit.framework; path = System/Library/Frameworks/UIKit.framework; sourceTree = SDKROOT; };
		9FB940E91A5A434700104728 /* tipcalculator-Info.plist */ = {isa = PBXFileReference; lastKnownFileType = text.plist.xml; path = "tipcalculator-Info.plist"; sourceTree = "<group>"; };
		9FB940EB1A5A434700104728 /* en */ = {isa = PBXFileReference; lastKnownFileType = text.plist.strings; name = en; path = en.lproj/InfoPlist.strings; sourceTree = "<group>"; };
		9FB940ED1A5A434700104728 /* main.m */ = {isa = PBXFileReference; lastKnownFileType = sourcecode.c.objc; path = main.m; sourceTree = "<group>"; };
		9FB940EF1A5A434700104728 /* tipcalculator-Prefix.pch */ = {isa = PBXFileReference; lastKnownFileType = sourcecode.c.h; path = "tipcalculator-Prefix.pch"; sourceTree = "<group>"; };
		9FB940F01A5A434700104728 /* AppDelegate.h */ = {isa = PBXFileReference; lastKnownFileType = sourcecode.c.h; path = AppDelegate.h; sourceTree = "<group>"; };
		9FB940F11A5A434700104728 /* AppDelegate.m */ = {isa = PBXFileReference; lastKnownFileType = sourcecode.c.objc; path = AppDelegate.m; sourceTree = "<group>"; };
		9FB940F31A5A434700104728 /* Images.xcassets */ = {isa = PBXFileReference; lastKnownFileType = folder.assetcatalog; path = Images.xcassets; sourceTree = "<group>"; };
		9FB940F91A5A434700104728 /* tipcalculatorTests.xctest */ = {isa = PBXFileReference; explicitFileType = wrapper.cfbundle; includeInIndex = 0; path = tipcalculatorTests.xctest; sourceTree = BUILT_PRODUCTS_DIR; };
		9FB940FA1A5A434700104728 /* XCTest.framework */ = {isa = PBXFileReference; lastKnownFileType = wrapper.framework; name = XCTest.framework; path = Library/Frameworks/XCTest.framework; sourceTree = DEVELOPER_DIR; };
		9FB941021A5A434700104728 /* tipcalculatorTests-Info.plist */ = {isa = PBXFileReference; lastKnownFileType = text.plist.xml; path = "tipcalculatorTests-Info.plist"; sourceTree = "<group>"; };
		9FB941041A5A434700104728 /* en */ = {isa = PBXFileReference; lastKnownFileType = text.plist.strings; name = en; path = en.lproj/InfoPlist.strings; sourceTree = "<group>"; };
		9FB941061A5A434700104728 /* tipcalculatorTests.m */ = {isa = PBXFileReference; lastKnownFileType = sourcecode.c.objc; path = tipcalculatorTests.m; sourceTree = "<group>"; };
		9FB941101A5A444300104728 /* TipViewController.h */ = {isa = PBXFileReference; fileEncoding = 4; lastKnownFileType = sourcecode.c.h; path = TipViewController.h; sourceTree = "<group>"; };
		9FB941111A5A444300104728 /* TipViewController.m */ = {isa = PBXFileReference; fileEncoding = 4; lastKnownFileType = sourcecode.c.objc; path = TipViewController.m; sourceTree = "<group>"; };
		9FB941121A5A444300104728 /* TipViewController.xib */ = {isa = PBXFileReference; fileEncoding = 4; lastKnownFileType = file.xib; path = TipViewController.xib; sourceTree = "<group>"; };
		9FB941151A5A5CC600104728 /* SettingsViewController.h */ = {isa = PBXFileReference; fileEncoding = 4; lastKnownFileType = sourcecode.c.h; path = SettingsViewController.h; sourceTree = "<group>"; };
		9FB941161A5A5CC600104728 /* SettingsViewController.m */ = {isa = PBXFileReference; fileEncoding = 4; lastKnownFileType = sourcecode.c.objc; path = SettingsViewController.m; sourceTree = "<group>"; };
		9FB941171A5A5CC600104728 /* SettingsViewController.xib */ = {isa = PBXFileReference; fileEncoding = 4; lastKnownFileType = file.xib; path = SettingsViewController.xib; sourceTree = "<group>"; };
/* End PBXFileReference section */

/* Begin PBXFrameworksBuildPhase section */
		9FB940DB1A5A434700104728 /* Frameworks */ = {
			isa = PBXFrameworksBuildPhase;
			buildActionMask = 2147483647;
			files = (
				9FB940E41A5A434700104728 /* CoreGraphics.framework in Frameworks */,
				9FB940E61A5A434700104728 /* UIKit.framework in Frameworks */,
				9FB940E21A5A434700104728 /* Foundation.framework in Frameworks */,
			);
			runOnlyForDeploymentPostprocessing = 0;
		};
		9FB940F61A5A434700104728 /* Frameworks */ = {
			isa = PBXFrameworksBuildPhase;
			buildActionMask = 2147483647;
			files = (
				9FB940FB1A5A434700104728 /* XCTest.framework in Frameworks */,
				9FB940FD1A5A434700104728 /* UIKit.framework in Frameworks */,
				9FB940FC1A5A434700104728 /* Foundation.framework in Frameworks */,
			);
			runOnlyForDeploymentPostprocessing = 0;
		};
/* End PBXFrameworksBuildPhase section */

/* Begin PBXGroup section */
		9FB940D51A5A434700104728 = {
			isa = PBXGroup;
			children = (
				9FB940E71A5A434700104728 /* tipcalculator */,
				9FB941001A5A434700104728 /* tipcalculatorTests */,
				9FB940E01A5A434700104728 /* Frameworks */,
				9FB940DF1A5A434700104728 /* Products */,
			);
			sourceTree = "<group>";
		};
		9FB940DF1A5A434700104728 /* Products */ = {
			isa = PBXGroup;
			children = (
				9FB940DE1A5A434700104728 /* tipcalculator.app */,
				9FB940F91A5A434700104728 /* tipcalculatorTests.xctest */,
			);
			name = Products;
			sourceTree = "<group>";
		};
		9FB940E01A5A434700104728 /* Frameworks */ = {
			isa = PBXGroup;
			children = (
				9FB940E11A5A434700104728 /* Foundation.framework */,
				9FB940E31A5A434700104728 /* CoreGraphics.framework */,
				9FB940E51A5A434700104728 /* UIKit.framework */,
				9FB940FA1A5A434700104728 /* XCTest.framework */,
			);
			name = Frameworks;
			sourceTree = "<group>";
		};
		9FB940E71A5A434700104728 /* tipcalculator */ = {
			isa = PBXGroup;
			children = (
				9FB940F01A5A434700104728 /* AppDelegate.h */,
				9FB940F11A5A434700104728 /* AppDelegate.m */,
				9FB940F31A5A434700104728 /* Images.xcassets */,
				9FB940E81A5A434700104728 /* Supporting Files */,
				9FB941101A5A444300104728 /* TipViewController.h */,
				9FB941111A5A444300104728 /* TipViewController.m */,
				9FB941121A5A444300104728 /* TipViewController.xib */,
				9FB941151A5A5CC600104728 /* SettingsViewController.h */,
				9FB941161A5A5CC600104728 /* SettingsViewController.m */,
				9FB941171A5A5CC600104728 /* SettingsViewController.xib */,
			);
			path = tipcalculator;
			sourceTree = "<group>";
		};
		9FB940E81A5A434700104728 /* Supporting Files */ = {
			isa = PBXGroup;
			children = (
				9FB940E91A5A434700104728 /* tipcalculator-Info.plist */,
				9FB940EA1A5A434700104728 /* InfoPlist.strings */,
				9FB940ED1A5A434700104728 /* main.m */,
				9FB940EF1A5A434700104728 /* tipcalculator-Prefix.pch */,
			);
			name = "Supporting Files";
			sourceTree = "<group>";
		};
		9FB941001A5A434700104728 /* tipcalculatorTests */ = {
			isa = PBXGroup;
			children = (
				9FB941061A5A434700104728 /* tipcalculatorTests.m */,
				9FB941011A5A434700104728 /* Supporting Files */,
			);
			path = tipcalculatorTests;
			sourceTree = "<group>";
		};
		9FB941011A5A434700104728 /* Supporting Files */ = {
			isa = PBXGroup;
			children = (
				9FB941021A5A434700104728 /* tipcalculatorTests-Info.plist */,
				9FB941031A5A434700104728 /* InfoPlist.strings */,
			);
			name = "Supporting Files";
			sourceTree = "<group>";
		};
/* End PBXGroup section */

/* Begin PBXNativeTarget section */
		9FB940DD1A5A434700104728 /* tipcalculator */ = {
			isa = PBXNativeTarget;
			buildConfigurationList = 9FB9410A1A5A434700104728 /* Build configuration list for PBXNativeTarget "tipcalculator" */;
			buildPhases = (
				9FB940DA1A5A434700104728 /* Sources */,
				9FB940DB1A5A434700104728 /* Frameworks */,
				9FB940DC1A5A434700104728 /* Resources */,
			);
			buildRules = (
			);
			dependencies = (
			);
			name = tipcalculator;
			productName = tipcalculator;
			productReference = 9FB940DE1A5A434700104728 /* tipcalculator.app */;
			productType = "com.apple.product-type.application";
		};
		9FB940F81A5A434700104728 /* tipcalculatorTests */ = {
			isa = PBXNativeTarget;
			buildConfigurationList = 9FB9410D1A5A434700104728 /* Build configuration list for PBXNativeTarget "tipcalculatorTests" */;
			buildPhases = (
				9FB940F51A5A434700104728 /* Sources */,
				9FB940F61A5A434700104728 /* Frameworks */,
				9FB940F71A5A434700104728 /* Resources */,
			);
			buildRules = (
			);
			dependencies = (
				9FB940FF1A5A434700104728 /* PBXTargetDependency */,
			);
			name = tipcalculatorTests;
			productName = tipcalculatorTests;
			productReference = 9FB940F91A5A434700104728 /* tipcalculatorTests.xctest */;
			productType = "com.apple.product-type.bundle.unit-test";
		};
/* End PBXNativeTarget section */

/* Begin PBXProject section */
		9FB940D61A5A434700104728 /* Project object */ = {
			isa = PBXProject;
			attributes = {
				LastUpgradeCheck = 0510;
				ORGANIZATIONNAME = codepath;
				TargetAttributes = {
					9FB940F81A5A434700104728 = {
						TestTargetID = 9FB940DD1A5A434700104728;
					};
				};
			};
			buildConfigurationList = 9FB940D91A5A434700104728 /* Build configuration list for PBXProject "tipcalculator" */;
			compatibilityVersion = "Xcode 3.2";
			developmentRegion = English;
			hasScannedForEncodings = 0;
			knownRegions = (
				en,
			);
			mainGroup = 9FB940D51A5A434700104728;
			productRefGroup = 9FB940DF1A5A434700104728 /* Products */;
			projectDirPath = "";
			projectRoot = "";
			targets = (
				9FB940DD1A5A434700104728 /* tipcalculator */,
				9FB940F81A5A434700104728 /* tipcalculatorTests */,
			);
		};
/* End PBXProject section */

/* Begin PBXResourcesBuildPhase section */
		9FB940DC1A5A434700104728 /* Resources */ = {
			isa = PBXResourcesBuildPhase;
			buildActionMask = 2147483647;
			files = (
				9FB941141A5A444300104728 /* TipViewController.xib in Resources */,
				9FB940EC1A5A434700104728 /* InfoPlist.strings in Resources */,
				9FB940F41A5A434700104728 /* Images.xcassets in Resources */,
				9FB941191A5A5CC600104728 /* SettingsViewController.xib in Resources */,
			);
			runOnlyForDeploymentPostprocessing = 0;
		};
		9FB940F71A5A434700104728 /* Resources */ = {
			isa = PBXResourcesBuildPhase;
			buildActionMask = 2147483647;
			files = (
				9FB941051A5A434700104728 /* InfoPlist.strings in Resources */,
			);
			runOnlyForDeploymentPostprocessing = 0;
		};
/* End PBXResourcesBuildPhase section */

/* Begin PBXSourcesBuildPhase section */
		9FB940DA1A5A434700104728 /* Sources */ = {
			isa = PBXSourcesBuildPhase;
			buildActionMask = 2147483647;
			files = (
				9FB940F21A5A434700104728 /* AppDelegate.m in Sources */,
				9FB941131A5A444300104728 /* TipViewController.m in Sources */,
				9FB940EE1A5A434700104728 /* main.m in Sources */,
				9FB941181A5A5CC600104728 /* SettingsViewController.m in Sources */,
			);
			runOnlyForDeploymentPostprocessing = 0;
		};
		9FB940F51A5A434700104728 /* Sources */ = {
			isa = PBXSourcesBuildPhase;
			buildActionMask = 2147483647;
			files = (
				9FB941071A5A434700104728 /* tipcalculatorTests.m in Sources */,
			);
			runOnlyForDeploymentPostprocessing = 0;
		};
/* End PBXSourcesBuildPhase section */

/* Begin PBXTargetDependency section */
		9FB940FF1A5A434700104728 /* PBXTargetDependency */ = {
			isa = PBXTargetDependency;
			target = 9FB940DD1A5A434700104728 /* tipcalculator */;
			targetProxy = 9FB940FE1A5A434700104728 /* PBXContainerItemProxy */;
		};
/* End PBXTargetDependency section */

/* Begin PBXVariantGroup section */
		9FB940EA1A5A434700104728 /* InfoPlist.strings */ = {
			isa = PBXVariantGroup;
			children = (
				9FB940EB1A5A434700104728 /* en */,
			);
			name = InfoPlist.strings;
			sourceTree = "<group>";
		};
		9FB941031A5A434700104728 /* InfoPlist.strings */ = {
			isa = PBXVariantGroup;
			children = (
				9FB941041A5A434700104728 /* en */,
			);
			name = InfoPlist.strings;
			sourceTree = "<group>";
		};
/* End PBXVariantGroup section */

/* Begin XCBuildConfiguration section */
		9FB941081A5A434700104728 /* Debug */ = {
			isa = XCBuildConfiguration;
			buildSettings = {
				ALWAYS_SEARCH_USER_PATHS = NO;
				CLANG_CXX_LANGUAGE_STANDARD = "gnu++0x";
				CLANG_CXX_LIBRARY = "libc++";
				CLANG_ENABLE_MODULES = YES;
				CLANG_ENABLE_OBJC_ARC = YES;
				CLANG_WARN_BOOL_CONVERSION = YES;
				CLANG_WARN_CONSTANT_CONVERSION = YES;
				CLANG_WARN_DIRECT_OBJC_ISA_USAGE = YES_ERROR;
				CLANG_WARN_EMPTY_BODY = YES;
				CLANG_WARN_ENUM_CONVERSION = YES;
				CLANG_WARN_INT_CONVERSION = YES;
				CLANG_WARN_OBJC_ROOT_CLASS = YES_ERROR;
				CLANG_WARN__DUPLICATE_METHOD_MATCH = YES;
				"CODE_SIGN_IDENTITY[sdk=iphoneos*]" = "iPhone Developer";
				COPY_PHASE_STRIP = NO;
				GCC_C_LANGUAGE_STANDARD = gnu99;
				GCC_DYNAMIC_NO_PIC = NO;
				GCC_OPTIMIZATION_LEVEL = 0;
				GCC_PREPROCESSOR_DEFINITIONS = (
					"DEBUG=1",
					"$(inherited)",
				);
				GCC_SYMBOLS_PRIVATE_EXTERN = NO;
				GCC_WARN_64_TO_32_BIT_CONVERSION = YES;
				GCC_WARN_ABOUT_RETURN_TYPE = YES_ERROR;
				GCC_WARN_UNDECLARED_SELECTOR = YES;
				GCC_WARN_UNINITIALIZED_AUTOS = YES_AGGRESSIVE;
				GCC_WARN_UNUSED_FUNCTION = YES;
				GCC_WARN_UNUSED_VARIABLE = YES;
				IPHONEOS_DEPLOYMENT_TARGET = 7.1;
				ONLY_ACTIVE_ARCH = YES;
				SDKROOT = iphoneos;
			};
			name = Debug;
		};
		9FB941091A5A434700104728 /* Release */ = {
			isa = XCBuildConfiguration;
			buildSettings = {
				ALWAYS_SEARCH_USER_PATHS = NO;
				CLANG_CXX_LANGUAGE_STANDARD = "gnu++0x";
				CLANG_CXX_LIBRARY = "libc++";
				CLANG_ENABLE_MODULES = YES;
				CLANG_ENABLE_OBJC_ARC = YES;
				CLANG_WARN_BOOL_CONVERSION = YES;
				CLANG_WARN_CONSTANT_CONVERSION = YES;
				CLANG_WARN_DIRECT_OBJC_ISA_USAGE = YES_ERROR;
				CLANG_WARN_EMPTY_BODY = YES;
				CLANG_WARN_ENUM_CONVERSION = YES;
				CLANG_WARN_INT_CONVERSION = YES;
				CLANG_WARN_OBJC_ROOT_CLASS = YES_ERROR;
				CLANG_WARN__DUPLICATE_METHOD_MATCH = YES;
				"CODE_SIGN_IDENTITY[sdk=iphoneos*]" = "iPhone Developer";
				COPY_PHASE_STRIP = YES;
				ENABLE_NS_ASSERTIONS = NO;
				GCC_C_LANGUAGE_STANDARD = gnu99;
				GCC_WARN_64_TO_32_BIT_CONVERSION = YES;
				GCC_WARN_ABOUT_RETURN_TYPE = YES_ERROR;
				GCC_WARN_UNDECLARED_SELECTOR = YES;
				GCC_WARN_UNINITIALIZED_AUTOS = YES_AGGRESSIVE;
				GCC_WARN_UNUSED_FUNCTION = YES;
				GCC_WARN_UNUSED_VARIABLE = YES;
				IPHONEOS_DEPLOYMENT_TARGET = 7.1;
				SDKROOT = iphoneos;
				VALIDATE_PRODUCT = YES;
			};
			name = Release;
		};
		9FB9410B1A5A434700104728 /* Debug */ = {
			isa = XCBuildConfiguration;
			buildSettings = {
				ASSETCATALOG_COMPILER_APPICON_NAME = AppIcon;
				ASSETCATALOG_COMPILER_LAUNCHIMAGE_NAME = LaunchImage;
				GCC_PRECOMPILE_PREFIX_HEADER = YES;
				GCC_PREFIX_HEADER = "tipcalculator/tipcalculator-Prefix.pch";
				INFOPLIST_FILE = "tipcalculator/tipcalculator-Info.plist";
				IPHONEOS_DEPLOYMENT_TARGET = 6.0;
				PRODUCT_NAME = "$(TARGET_NAME)";
				WRAPPER_EXTENSION = app;
			};
			name = Debug;
		};
		9FB9410C1A5A434700104728 /* Release */ = {
			isa = XCBuildConfiguration;
			buildSettings = {
				ASSETCATALOG_COMPILER_APPICON_NAME = AppIcon;
				ASSETCATALOG_COMPILER_LAUNCHIMAGE_NAME = LaunchImage;
				GCC_PRECOMPILE_PREFIX_HEADER = YES;
				GCC_PREFIX_HEADER = "tipcalculator/tipcalculator-Prefix.pch";
				INFOPLIST_FILE = "tipcalculator/tipcalculator-Info.plist";
				IPHONEOS_DEPLOYMENT_TARGET = 6.0;
				PRODUCT_NAME = "$(TARGET_NAME)";
				WRAPPER_EXTENSION = app;
			};
			name = Release;
		};
		9FB9410E1A5A434700104728 /* Debug */ = {
			isa = XCBuildConfiguration;
			buildSettings = {
				BUNDLE_LOADER = "$(BUILT_PRODUCTS_DIR)/tipcalculator.app/tipcalculator";
				FRAMEWORK_SEARCH_PATHS = (
					"$(SDKROOT)/Developer/Library/Frameworks",
					"$(inherited)",
					"$(DEVELOPER_FRAMEWORKS_DIR)",
				);
				GCC_PRECOMPILE_PREFIX_HEADER = YES;
				GCC_PREFIX_HEADER = "tipcalculator/tipcalculator-Prefix.pch";
				GCC_PREPROCESSOR_DEFINITIONS = (
					"DEBUG=1",
					"$(inherited)",
				);
				INFOPLIST_FILE = "tipcalculatorTests/tipcalculatorTests-Info.plist";
				PRODUCT_NAME = "$(TARGET_NAME)";
				TEST_HOST = "$(BUNDLE_LOADER)";
				WRAPPER_EXTENSION = xctest;
			};
			name = Debug;
		};
		9FB9410F1A5A434700104728 /* Release */ = {
			isa = XCBuildConfiguration;
			buildSettings = {
				BUNDLE_LOADER = "$(BUILT_PRODUCTS_DIR)/tipcalculator.app/tipcalculator";
				FRAMEWORK_SEARCH_PATHS = (
					"$(SDKROOT)/Developer/Library/Frameworks",
					"$(inherited)",
					"$(DEVELOPER_FRAMEWORKS_DIR)",
				);
				GCC_PRECOMPILE_PREFIX_HEADER = YES;
				GCC_PREFIX_HEADER = "tipcalculator/tipcalculator-Prefix.pch";
				INFOPLIST_FILE = "tipcalculatorTests/tipcalculatorTests-Info.plist";
				PRODUCT_NAME = "$(TARGET_NAME)";
				TEST_HOST = "$(BUNDLE_LOADER)";
				WRAPPER_EXTENSION = xctest;
			};
			name = Release;
		};
/* End XCBuildConfiguration section */

/* Begin XCConfigurationList section */
		9FB940D91A5A434700104728 /* Build configuration list for PBXProject "tipcalculator" */ = {
			isa = XCConfigurationList;
			buildConfigurations = (
				9FB941081A5A434700104728 /* Debug */,
				9FB941091A5A434700104728 /* Release */,
			);
			defaultConfigurationIsVisible = 0;
			defaultConfigurationName = Release;
		};
		9FB9410A1A5A434700104728 /* Build configuration list for PBXNativeTarget "tipcalculator" */ = {
			isa = XCConfigurationList;
			buildConfigurations = (
				9FB9410B1A5A434700104728 /* Debug */,
				9FB9410C1A5A434700104728 /* Release */,
			);
			defaultConfigurationIsVisible = 0;
		};
		9FB9410D1A5A434700104728 /* Build configuration list for PBXNativeTarget "tipcalculatorTests" */ = {
			isa = XCConfigurationList;
			buildConfigurations = (
				9FB9410E1A5A434700104728 /* Debug */,
				9FB9410F1A5A434700104728 /* Release */,
			);
			defaultConfigurationIsVisible = 0;
		};
/* End XCConfigurationList section */
	};
	rootObject = 9FB940D61A5A434700104728 /* Project object */;
}
